
Microsoft Visual Studio Solution File, Format Version 12.00
# Visual Studio Version 17
VisualStudioVersion = 17.6.33829.357
MinimumVisualStudioVersion = 10.0.40219.1
Project("{FAE04EC0-301F-11D3-BF4B-00C04F79EFBC}") = "rentacar", "Entity Framework 2. ders\rentacar.csproj", "{79DC6011-CEC7-48B2-A80C-FBBF0EE9BE36}"
EndProject
Global
	GlobalSection(SolutionConfigurationPlatforms) = preSolution
		Debug|Any CPU = Debug|Any CPU
		Release|Any CPU = Release|Any CPU
	EndGlobalSection
	GlobalSection(ProjectConfigurationPlatforms) = postSolution
		{79DC6011-CEC7-48B2-A80C-FBBF0EE9BE36}.Debug|Any CPU.ActiveCfg = Debug|Any CPU
		{79DC6011-CEC7-48B2-A80C-FBBF0EE9BE36}.Debug|Any CPU.Build.0 = Debug|Any CPU
		{79DC6011-CEC7-48B2-A80C-FBBF0EE9BE36}.Release|Any CPU.ActiveCfg = Release|Any CPU
		{79DC6011-CEC7-48B2-A80C-FBBF0EE9BE36}.Release|Any CPU.Build.0 = Release|Any CPU
	EndGlobalSection
	GlobalSection(SolutionProperties) = preSolution
		HideSolutionNode = FALSE
	EndGlobalSection
	GlobalSection(ExtensibilityGlobals) = postSolution
		SolutionGuid = {E30165EA-332D-4F4A-B9C1-A04A35D2B6AF}
	EndGlobalSection
EndGlobal
